
Microsoft Visual Studio Solution File, Format Version 12.00
# Visual Studio Version 17
VisualStudioVersion = 17.14.36414.22
MinimumVisualStudioVersion = 10.0.40219.1
Project("{2150E333-8FDC-42A3-9474-1A3956D46DE8}") = "Task0", "Task0", "{02EA681E-C7D8-13C7-8484-4AC65E1B71E8}"
EndProject
Project("{FAE04EC0-301F-11D3-BF4B-00C04F79EFBC}") = "Tyuiu.AtakishievRS.Sprint4.Task0.V4.Lib", "Tyuiu.AtakishievRS.Sprint4.Task0.V4.Lib\Tyuiu.AtakishievRS.Sprint4.Task0.V4.Lib.csproj", "{34502E67-7621-4ACF-AE0E-D1CC660DC31F}"
EndProject
Project("{FAE04EC0-301F-11D3-BF4B-00C04F79EFBC}") = "Tyuiu.AtakishievRS.Sprint4.Task0.V4.Test", "Tyuiu.AtakishievRS.Sprint4.Task0.V4.Test\Tyuiu.AtakishievRS.Sprint4.Task0.V4.Test.csproj", "{EA29F6B5-727A-4630-8EA9-C7778585C50F}"
EndProject
Project("{FAE04EC0-301F-11D3-BF4B-00C04F79EFBC}") = "Tyuiu.AtakishievRS.Sprint4.Task0.V4", "Tyuiu.AtakishievRS.Sprint4.Task0.V4\Tyuiu.AtakishievRS.Sprint4.Task0.V4.csproj", "{C308045C-4659-458D-8560-E03F9B950583}"
EndProject
Project("{2150E333-8FDC-42A3-9474-1A3956D46DE8}") = "Task1", "Task1", "{A5CE317F-1B26-4CC8-8E17-0465C7D36382}"
EndProject
Project("{FAE04EC0-301F-11D3-BF4B-00C04F79EFBC}") = "Tyuiu.AtakishievRS.Sprint4.Task1.V14", "Tyuiu.AtakishievRS.Sprint4.Task1.V14\Tyuiu.AtakishievRS.Sprint4.Task1.V14.csproj", "{863C8799-0317-4650-9C76-4F537EAE473C}"
EndProject
Project("{FAE04EC0-301F-11D3-BF4B-00C04F79EFBC}") = "Tyuiu.AtakishievRS.Sprint4.Task1.V14.Lib", "Tyuiu.AtakishievRS.Sprint4.Task1.V14.Lib\Tyuiu.AtakishievRS.Sprint4.Task1.V14.Lib.csproj", "{04810459-28E6-4769-A307-CF8D7EEDD602}"
EndProject
Project("{FAE04EC0-301F-11D3-BF4B-00C04F79EFBC}") = "Tyuiu.AtakishievRS.Sprint4.Task1.V14.Test", "Tyuiu.AtakishievRS.Sprint4.Task1.V14.Test\Tyuiu.AtakishievRS.Sprint4.Task1.V14.Test.csproj", "{9E27723A-3E83-4883-8135-C3C9C850F1AB}"
EndProject
Project("{2150E333-8FDC-42A3-9474-1A3956D46DE8}") = "Task2", "Task2", "{8E314897-2E11-4A42-99E9-3CF994A527BE}"
EndProject
Project("{FAE04EC0-301F-11D3-BF4B-00C04F79EFBC}") = "Tyuiu.AtakishievRS.Sprint4.Task2.V21.Lib", "Tyuiu.AtakishievRS.Sprint4.Task2.V21.Lib\Tyuiu.AtakishievRS.Sprint4.Task2.V21.Lib.csproj", "{714A933A-EF4E-4DDF-9834-0A9C4B1FB6DB}"
EndProject
Project("{FAE04EC0-301F-11D3-BF4B-00C04F79EFBC}") = "Tyuiu.AtakishievRS.Sprint4.Task2.V21", "Tyuiu.AtakishievRS.Sprint4.Task2.V21\Tyuiu.AtakishievRS.Sprint4.Task2.V21.csproj", "{93297EBB-F228-4C57-962E-22F245519EC6}"
EndProject
Project("{FAE04EC0-301F-11D3-BF4B-00C04F79EFBC}") = "Tyuiu.AtakishievRS.Sprint4.Task2.V21.Test", "Tyuiu.AtakishievRS.Sprint4.Task2.V21.Test\Tyuiu.AtakishievRS.Sprint4.Task2.V21.Test.csproj", "{EDAD7D10-33AD-45CB-A2B9-1629EE356F7F}"
EndProject
Project("{2150E333-8FDC-42A3-9474-1A3956D46DE8}") = "Task3", "Task3", "{198F3D8A-1341-4EDB-852C-C57E8DC5E1F9}"
EndProject
Project("{FAE04EC0-301F-11D3-BF4B-00C04F79EFBC}") = "Tyuiu.AtakishievRS.Sprint4.Task3.V3.Lib", "Tyuiu.AtakishievRS.Sprint4.Task3.V3.Lib\Tyuiu.AtakishievRS.Sprint4.Task3.V3.Lib.csproj", "{C4B1D008-7992-4E87-85DA-7B9A2FD59CA6}"
EndProject
Project("{FAE04EC0-301F-11D3-BF4B-00C04F79EFBC}") = "Tyuiu.AtakishievRS.Sprint4.Task3.V3", "Tyuiu.AtakishievRS.Sprint4.Task3.V3\Tyuiu.AtakishievRS.Sprint4.Task3.V3.csproj", "{5FE76B6F-F847-45C2-B7A0-89B1F64D1D0B}"
EndProject
Project("{FAE04EC0-301F-11D3-BF4B-00C04F79EFBC}") = "Tyuiu.AtakishievRS.Sprint4.Task3.V3.Test", "Tyuiu.AtakishievRS.Sprint4.Task3.V3.Test\Tyuiu.AtakishievRS.Sprint4.Task3.V3.Test.csproj", "{B410E05E-56B9-4327-82A4-45085695BE73}"
EndProject
Project("{2150E333-8FDC-42A3-9474-1A3956D46DE8}") = "Task4", "Task4", "{45C5C715-FC0D-491A-B339-3A31E5856401}"
EndProject
Project("{FAE04EC0-301F-11D3-BF4B-00C04F79EFBC}") = "Tyuiu.AtakishievRS.Sprint4.Task4.V4.Lib", "Tyuiu.AtakishievRS.Sprint4.Task4.V4.Lib\Tyuiu.AtakishievRS.Sprint4.Task4.V4.Lib.csproj", "{8D1B12FA-C094-42AA-9F70-4F943503963F}"
EndProject
Project("{FAE04EC0-301F-11D3-BF4B-00C04F79EFBC}") = "Tyuiu.AtakishievRS.Sprint4.Task4.V4", "Tyuiu.AtakishievRS.Sprint4.Task4.V4\Tyuiu.AtakishievRS.Sprint4.Task4.V4.csproj", "{11238119-DE64-4B87-BA33-B755479E704A}"
EndProject
Project("{FAE04EC0-301F-11D3-BF4B-00C04F79EFBC}") = "Tyuiu.AtakishievRS.Sprint4.Task4.V4.Test", "Tyuiu.AtakishievRS.Sprint4.Task4.V4.Test\Tyuiu.AtakishievRS.Sprint4.Task4.V4.Test.csproj", "{0930F4A5-3F7A-45C6-9EF4-D963D35B653D}"
EndProject
Global
	GlobalSection(SolutionConfigurationPlatforms) = preSolution
		Debug|Any CPU = Debug|Any CPU
		Release|Any CPU = Release|Any CPU
	EndGlobalSection
	GlobalSection(ProjectConfigurationPlatforms) = postSolution
		{34502E67-7621-4ACF-AE0E-D1CC660DC31F}.Debug|Any CPU.ActiveCfg = Debug|Any CPU
		{34502E67-7621-4ACF-AE0E-D1CC660DC31F}.Debug|Any CPU.Build.0 = Debug|Any CPU
		{34502E67-7621-4ACF-AE0E-D1CC660DC31F}.Release|Any CPU.ActiveCfg = Release|Any CPU
		{34502E67-7621-4ACF-AE0E-D1CC660DC31F}.Release|Any CPU.Build.0 = Release|Any CPU
		{EA29F6B5-727A-4630-8EA9-C7778585C50F}.Debug|Any CPU.ActiveCfg = Debug|Any CPU
		{EA29F6B5-727A-4630-8EA9-C7778585C50F}.Debug|Any CPU.Build.0 = Debug|Any CPU
		{EA29F6B5-727A-4630-8EA9-C7778585C50F}.Release|Any CPU.ActiveCfg = Release|Any CPU
		{EA29F6B5-727A-4630-8EA9-C7778585C50F}.Release|Any CPU.Build.0 = Release|Any CPU
		{C308045C-4659-458D-8560-E03F9B950583}.Debug|Any CPU.ActiveCfg = Debug|Any CPU
		{C308045C-4659-458D-8560-E03F9B950583}.Debug|Any CPU.Build.0 = Debug|Any CPU
		{C308045C-4659-458D-8560-E03F9B950583}.Release|Any CPU.ActiveCfg = Release|Any CPU
		{C308045C-4659-458D-8560-E03F9B950583}.Release|Any CPU.Build.0 = Release|Any CPU
		{863C8799-0317-4650-9C76-4F537EAE473C}.Debug|Any CPU.ActiveCfg = Debug|Any CPU
		{863C8799-0317-4650-9C76-4F537EAE473C}.Debug|Any CPU.Build.0 = Debug|Any CPU
		{863C8799-0317-4650-9C76-4F537EAE473C}.Release|Any CPU.ActiveCfg = Release|Any CPU
		{863C8799-0317-4650-9C76-4F537EAE473C}.Release|Any CPU.Build.0 = Release|Any CPU
		{04810459-28E6-4769-A307-CF8D7EEDD602}.Debug|Any CPU.ActiveCfg = Debug|Any CPU
		{04810459-28E6-4769-A307-CF8D7EEDD602}.Debug|Any CPU.Build.0 = Debug|Any CPU
		{04810459-28E6-4769-A307-CF8D7EEDD602}.Release|Any CPU.ActiveCfg = Release|Any CPU
		{04810459-28E6-4769-A307-CF8D7EEDD602}.Release|Any CPU.Build.0 = Release|Any CPU
		{9E27723A-3E83-4883-8135-C3C9C850F1AB}.Debug|Any CPU.ActiveCfg = Debug|Any CPU
		{9E27723A-3E83-4883-8135-C3C9C850F1AB}.Debug|Any CPU.Build.0 = Debug|Any CPU
		{9E27723A-3E83-4883-8135-C3C9C850F1AB}.Release|Any CPU.ActiveCfg = Release|Any CPU
		{9E27723A-3E83-4883-8135-C3C9C850F1AB}.Release|Any CPU.Build.0 = Release|Any CPU
		{714A933A-EF4E-4DDF-9834-0A9C4B1FB6DB}.Debug|Any CPU.ActiveCfg = Debug|Any CPU
		{714A933A-EF4E-4DDF-9834-0A9C4B1FB6DB}.Debug|Any CPU.Build.0 = Debug|Any CPU
		{714A933A-EF4E-4DDF-9834-0A9C4B1FB6DB}.Release|Any CPU.ActiveCfg = Release|Any CPU
		{714A933A-EF4E-4DDF-9834-0A9C4B1FB6DB}.Release|Any CPU.Build.0 = Release|Any CPU
		{93297EBB-F228-4C57-962E-22F245519EC6}.Debug|Any CPU.ActiveCfg = Debug|Any CPU
		{93297EBB-F228-4C57-962E-22F245519EC6}.Debug|Any CPU.Build.0 = Debug|Any CPU
		{93297EBB-F228-4C57-962E-22F245519EC6}.Release|Any CPU.ActiveCfg = Release|Any CPU
		{93297EBB-F228-4C57-962E-22F245519EC6}.Release|Any CPU.Build.0 = Release|Any CPU
		{EDAD7D10-33AD-45CB-A2B9-1629EE356F7F}.Debug|Any CPU.ActiveCfg = Debug|Any CPU
		{EDAD7D10-33AD-45CB-A2B9-1629EE356F7F}.Debug|Any CPU.Build.0 = Debug|Any CPU
		{EDAD7D10-33AD-45CB-A2B9-1629EE356F7F}.Release|Any CPU.ActiveCfg = Release|Any CPU
		{EDAD7D10-33AD-45CB-A2B9-1629EE356F7F}.Release|Any CPU.Build.0 = Release|Any CPU
		{C4B1D008-7992-4E87-85DA-7B9A2FD59CA6}.Debug|Any CPU.ActiveCfg = Debug|Any CPU
		{C4B1D008-7992-4E87-85DA-7B9A2FD59CA6}.Debug|Any CPU.Build.0 = Debug|Any CPU
		{C4B1D008-7992-4E87-85DA-7B9A2FD59CA6}.Release|Any CPU.ActiveCfg = Release|Any CPU
		{C4B1D008-7992-4E87-85DA-7B9A2FD59CA6}.Release|Any CPU.Build.0 = Release|Any CPU
		{5FE76B6F-F847-45C2-B7A0-89B1F64D1D0B}.Debug|Any CPU.ActiveCfg = Debug|Any CPU
		{5FE76B6F-F847-45C2-B7A0-89B1F64D1D0B}.Debug|Any CPU.Build.0 = Debug|Any CPU
		{5FE76B6F-F847-45C2-B7A0-89B1F64D1D0B}.Release|Any CPU.ActiveCfg = Release|Any CPU
		{5FE76B6F-F847-45C2-B7A0-89B1F64D1D0B}.Release|Any CPU.Build.0 = Release|Any CPU
		{B410E05E-56B9-4327-82A4-45085695BE73}.Debug|Any CPU.ActiveCfg = Debug|Any CPU
		{B410E05E-56B9-4327-82A4-45085695BE73}.Debug|Any CPU.Build.0 = Debug|Any CPU
		{B410E05E-56B9-4327-82A4-45085695BE73}.Release|Any CPU.ActiveCfg = Release|Any CPU
		{B410E05E-56B9-4327-82A4-45085695BE73}.Release|Any CPU.Build.0 = Release|Any CPU
		{8D1B12FA-C094-42AA-9F70-4F943503963F}.Debug|Any CPU.ActiveCfg = Debug|Any CPU
		{8D1B12FA-C094-42AA-9F70-4F943503963F}.Debug|Any CPU.Build.0 = Debug|Any CPU
		{8D1B12FA-C094-42AA-9F70-4F943503963F}.Release|Any CPU.ActiveCfg = Release|Any CPU
		{8D1B12FA-C094-42AA-9F70-4F943503963F}.Release|Any CPU.Build.0 = Release|Any CPU
		{11238119-DE64-4B87-BA33-B755479E704A}.Debug|Any CPU.ActiveCfg = Debug|Any CPU
		{11238119-DE64-4B87-BA33-B755479E704A}.Debug|Any CPU.Build.0 = Debug|Any CPU
		{11238119-DE64-4B87-BA33-B755479E704A}.Release|Any CPU.ActiveCfg = Release|Any CPU
		{11238119-DE64-4B87-BA33-B755479E704A}.Release|Any CPU.Build.0 = Release|Any CPU
		{0930F4A5-3F7A-45C6-9EF4-D963D35B653D}.Debug|Any CPU.ActiveCfg = Debug|Any CPU
		{0930F4A5-3F7A-45C6-9EF4-D963D35B653D}.Debug|Any CPU.Build.0 = Debug|Any CPU
		{0930F4A5-3F7A-45C6-9EF4-D963D35B653D}.Release|Any CPU.ActiveCfg = Release|Any CPU
		{0930F4A5-3F7A-45C6-9EF4-D963D35B653D}.Release|Any CPU.Build.0 = Release|Any CPU
	EndGlobalSection
	GlobalSection(SolutionProperties) = preSolution
		HideSolutionNode = FALSE
	EndGlobalSection
	GlobalSection(NestedProjects) = preSolution
		{34502E67-7621-4ACF-AE0E-D1CC660DC31F} = {02EA681E-C7D8-13C7-8484-4AC65E1B71E8}
		{EA29F6B5-727A-4630-8EA9-C7778585C50F} = {02EA681E-C7D8-13C7-8484-4AC65E1B71E8}
		{C308045C-4659-458D-8560-E03F9B950583} = {02EA681E-C7D8-13C7-8484-4AC65E1B71E8}
		{863C8799-0317-4650-9C76-4F537EAE473C} = {A5CE317F-1B26-4CC8-8E17-0465C7D36382}
		{04810459-28E6-4769-A307-CF8D7EEDD602} = {A5CE317F-1B26-4CC8-8E17-0465C7D36382}
		{9E27723A-3E83-4883-8135-C3C9C850F1AB} = {A5CE317F-1B26-4CC8-8E17-0465C7D36382}
		{714A933A-EF4E-4DDF-9834-0A9C4B1FB6DB} = {8E314897-2E11-4A42-99E9-3CF994A527BE}
		{93297EBB-F228-4C57-962E-22F245519EC6} = {8E314897-2E11-4A42-99E9-3CF994A527BE}
		{EDAD7D10-33AD-45CB-A2B9-1629EE356F7F} = {8E314897-2E11-4A42-99E9-3CF994A527BE}
		{C4B1D008-7992-4E87-85DA-7B9A2FD59CA6} = {198F3D8A-1341-4EDB-852C-C57E8DC5E1F9}
		{5FE76B6F-F847-45C2-B7A0-89B1F64D1D0B} = {198F3D8A-1341-4EDB-852C-C57E8DC5E1F9}
		{B410E05E-56B9-4327-82A4-45085695BE73} = {198F3D8A-1341-4EDB-852C-C57E8DC5E1F9}
		{8D1B12FA-C094-42AA-9F70-4F943503963F} = {45C5C715-FC0D-491A-B339-3A31E5856401}
		{11238119-DE64-4B87-BA33-B755479E704A} = {45C5C715-FC0D-491A-B339-3A31E5856401}
		{0930F4A5-3F7A-45C6-9EF4-D963D35B653D} = {45C5C715-FC0D-491A-B339-3A31E5856401}
	EndGlobalSection
	GlobalSection(ExtensibilityGlobals) = postSolution
		SolutionGuid = {ADD96D86-9E53-42C8-A439-E4D3B7C09E7E}
	EndGlobalSection
EndGlobal
